PODS:
  - BNRDeferred (3.0.0)
  - SDWebImage (3.8.2):
    - SDWebImage/Core (= 3.8.2)
  - SDWebImage/Core (3.8.2)

DEPENDENCIES:
  - BNRDeferred (~> 3.0)
  - SDWebImage (~> 3.8)

SPEC CHECKSUMS:
  BNRDeferred: 0757b256613622d3f3db21bd126ba63031ca3deb
  SDWebImage: 098e97e6176540799c27e804c96653ee0833d13c

PODFILE CHECKSUM: ee82ac570dc3d70b0c415b7ec34be87b45fe7c0a

COCOAPODS: 1.2.0
