PODS:
  - BNRDeferred (3.0.0)
  - SDWebImage (3.8.2):
    - SDWebImage/Core (= 3.8.2)
  - SDWebImage/Core (3.8.2)

DEPENDENCIES:
  - BNRDeferred (~> 3.0)
  - SDWebImage (~> 3.8)

SPEC CHECKSUMS:
  BNRDeferred: 0757b256613622d3f3db21bd126ba63031ca3deb
  SDWebImage: 098e97e6176540799c27e804c96653ee0833d13c

PODFILE CHECKSUM: aa2bea9953934f5ffc6dd86b2d0dffed4a92487f

COCOAPODS: 1.2.0
